// !$*UTF8*$!
{
	archiveVersion = 1;
	classes = {
	};
	objectVersion = 46;
	objects = {

/* Begin PBXContainerItemProxy section */
		AFEE38947C943BF100000000 /* PBXContainerItemProxy */ = {
			isa = PBXContainerItemProxy;
			containerPortal = 8522AA2B63886EDE00000000 /* Project object */;
			proxyType = 1;
			remoteGlobalIDString = F73A988C7C943BF000000000;
		};
/* End PBXContainerItemProxy section */

/* Begin PBXFileReference section */
		90A28E361C235C8C00000000 /* lib-HelloWorldAppLibrary.a */ = {isa = PBXFileReference; explicitFileType = archive.ar; path = "lib-HelloWorldAppLibrary.a"; sourceTree = BUILT_PRODUCTS_DIR; };
		90A28E366EFED4D100000000 /* Info.plist */ = {isa = PBXFileReference; explicitFileType = text.plist; name = Info.plist; path = "Bazel.xcodeproj/.tulsi/tulsi-execution-root/bazel-tulsi-includes/x/x/HelloWorldApp-intermediates/Info.plist"; sourceTree = SOURCE_ROOT; };
		90A28E36942E830500000000 /* Base */ = {isa = PBXFileReference; lastKnownFileType = text; name = Base; path = Base.lproj/LaunchScreen.storyboard; sourceTree = "<group>"; };
		90A28E36B9B0D03600000000 /* BUILD */ = {isa = PBXFileReference; lastKnownFileType = text; name = BUILD; path = "Bazel.xcodeproj/.tulsi/tulsi-execution-root//BUILD"; sourceTree = SOURCE_ROOT; xcLanguageSpecificationIdentifier = xcode.lang.python; };
		90A28E36BA4F9D8800000000 /* HelloWorldApp.app */ = {isa = PBXFileReference; explicitFileType = wrapper.application; path = HelloWorldApp.app; sourceTree = BUILT_PRODUCTS_DIR; };
		90A28E36C51E9C4E00000000 /* Base */ = {isa = PBXFileReference; lastKnownFileType = text; name = Base; path = Base.lproj/Main.storyboard; sourceTree = "<group>"; };
/* End PBXFileReference section */

/* Begin PBXGroup section */
		5AFCE46A9AF79DD000000000 /* bazel-tulsi-includes */ = {
			isa = PBXGroup;
			children = (
				5AFCE46ADDEB7E5000000000 /* x */,
			);
			name = "bazel-tulsi-includes";
			sourceTree = "<group>";
		};
		5AFCE46A9D54B6D200000000 /* / */ = {
			isa = PBXGroup;
			children = (
				90A28E36B9B0D03600000000 /* BUILD */,
			);
			name = /;
			sourceTree = "<group>";
		};
		5AFCE46ABA6EE33500000000 /* HelloWorldApp-intermediates */ = {
			isa = PBXGroup;
			children = (
				90A28E366EFED4D100000000 /* Info.plist */,
			);
			name = "HelloWorldApp-intermediates";
			sourceTree = "<group>";
		};
		5AFCE46ADDEB7E5000000000 /* x */ = {
			isa = PBXGroup;
			children = (
				5AFCE46ADDEB7E5000000001 /* x */,
			);
			name = x;
			sourceTree = "<group>";
		};
		5AFCE46ADDEB7E5000000001 /* x */ = {
			isa = PBXGroup;
			children = (
				5AFCE46ABA6EE33500000000 /* HelloWorldApp-intermediates */,
			);
			name = x;
			sourceTree = "<group>";
		};
		5AFCE46ADDFA7B7600000000 /* mainGroup */ = {
			isa = PBXGroup;
			children = (
				5AFCE46A9D54B6D200000000 /* / */,
				D8E769D3C0891CB500000000 /* LaunchScreen.storyboard */,
				D8E769D35A42B0BB00000000 /* Main.storyboard */,
				5AFCE46AEFF93CC100000000 /* Products */,
			);
			name = mainGroup;
			sourceTree = SOURCE_ROOT;
		};
		5AFCE46AEFF93CC100000000 /* Products */ = {
			isa = PBXGroup;
			children = (
				90A28E36BA4F9D8800000000 /* HelloWorldApp.app */,
				5AFCE46A9AF79DD000000000 /* bazel-tulsi-includes */,
				90A28E361C235C8C00000000 /* lib-HelloWorldAppLibrary.a */,
			);
			name = Products;
			sourceTree = "<group>";
		};
/* End PBXGroup section */

/* Begin PBXLegacyTarget section */
		F73A988C7C943BF000000000 /* _bazel_clean_ */ = {
			isa = PBXLegacyTarget;
			buildArgumentsString = "\"/opt/homebrew/Cellar/bazel/4.2.1_1/bin/bazel\" \"bazel-bin\"";
			buildConfigurationList = 42418362D8A9462B00000000 /* Build configuration list for PBXLegacyTarget "_bazel_clean_" */;
			buildPhases = (
			);
			buildToolPath = "${PROJECT_FILE_PATH}/.tulsi/Scripts/bazel_clean.sh";
			buildWorkingDirectory = "";
			dependencies = (
			);
			name = _bazel_clean_;
			passBuildSettingsInEnvironment = 1;
			productName = _bazel_clean_;
		};
/* End PBXLegacyTarget section */

/* Begin PBXNativeTarget section */
		11B2B8BD3B6114C800000000 /* HelloWorldApp */ = {
			isa = PBXNativeTarget;
			buildConfigurationList = 42418362BE14B45D00000000 /* Build configuration list for PBXNativeTarget "HelloWorldApp" */;
			buildPhases = (
				EB17E9D13DCE1D6000000000 /* ShellScript */,
			);
			buildRules = (
			);
			dependencies = (
				BE86D5CF7C943BF100000000 /* PBXTargetDependency */,
			);
			name = HelloWorldApp;
			productName = HelloWorldApp;
			productReference = 90A28E36BA4F9D8800000000 /* HelloWorldApp.app */;
			productType = "com.apple.product-type.application";
		};
		11B2B8BD9A7C28AA00000000 /* -HelloWorldAppLibrary */ = {
			isa = PBXNativeTarget;
			buildConfigurationList = 424183628AF7720A00000000 /* Build configuration list for PBXNativeTarget "-HelloWorldAppLibrary" */;
			buildPhases = (
				EB17E9D1851A8F1900000000 /* ShellScript */,
			);
			buildRules = (
			);
			dependencies = (
				BE86D5CF7C943BF100000000 /* PBXTargetDependency */,
			);
			name = "-HelloWorldAppLibrary";
			productName = "-HelloWorldAppLibrary";
			productReference = 90A28E361C235C8C00000000 /* lib-HelloWorldAppLibrary.a */;
			productType = "com.apple.product-type.library.static";
		};
/* End PBXNativeTarget section */

/* Begin PBXProject section */
		8522AA2B63886EDE00000000 /* Project object */ = {
			isa = PBXProject;
			attributes = {
				LastSwiftUpdateCheck = 0710;
				LastUpgradeCheck = 1000;
				TargetAttributes = {
					11B2B8BD3B6114C800000000 = {
						DevelopmentTeam = 85RCG64B47;
						ProvisioningStyle = Automatic;
					};
				};
			};
			buildConfigurationList = 42418362235CBC0B00000000 /* Build configuration list for PBXProject "Bazel" */;
			compatibilityVersion = "Xcode 3.2";
			developmentRegion = English;
			hasScannedForEncodings = 0;
			knownRegions = (
				English,
				en,
				Base,
			);
			mainGroup = 5AFCE46ADDFA7B7600000000 /* mainGroup */;
			projectDirPath = "";
			projectRoot = "";
			targets = (
				11B2B8BD9A7C28AA00000000 /* -HelloWorldAppLibrary */,
				11B2B8BD3B6114C800000000 /* HelloWorldApp */,
				F73A988C7C943BF000000000 /* _bazel_clean_ */,
			);
		};
/* End PBXProject section */

/* Begin PBXShellScriptBuildPhase section */
		EB17E9D13DCE1D6000000000 /* ShellScript */ = {
			isa = PBXShellScriptBuildPhase;
			buildActionMask = 0;
			files = (
			);
			inputPaths = (
				"$(TARGET_BUILD_DIR)/$(INFOPLIST_PATH)",
			);
			outputPaths = (
			);
			runOnlyForDeploymentPostprocessing = 0;
			shellPath = /bin/bash;
			shellScript = "set -e\n\nexec \"${PROJECT_FILE_PATH}/.tulsi/Scripts/bazel_build.py\" //:HelloWorldApp --bazel \"/opt/homebrew/Cellar/bazel/4.2.1_1/bin/bazel\" --bazel_bin_path \"bazel-bin\" --verbose \n";
		};
		EB17E9D1851A8F1900000000 /* ShellScript */ = {
			isa = PBXShellScriptBuildPhase;
			buildActionMask = 0;
			files = (
			);
			inputPaths = (
				"$(TARGET_BUILD_DIR)/$(INFOPLIST_PATH)",
			);
			outputPaths = (
			);
			runOnlyForDeploymentPostprocessing = 0;
			shellPath = /bin/bash;
			shellScript = "set -e\n\nexec \"${PROJECT_FILE_PATH}/.tulsi/Scripts/bazel_build.py\" //:HelloWorldAppLibrary --bazel \"/opt/homebrew/Cellar/bazel/4.2.1_1/bin/bazel\" --bazel_bin_path \"bazel-bin\" --verbose ";
		};
/* End PBXShellScriptBuildPhase section */

/* Begin PBXTargetDependency section */
		BE86D5CF7C943BF100000000 /* PBXTargetDependency */ = {
			isa = PBXTargetDependency;
			target = F73A988C7C943BF000000000 /* _bazel_clean_ */;
			targetProxy = AFEE38947C943BF100000000 /* PBXContainerItemProxy */;
		};
/* End PBXTargetDependency section */

/* Begin PBXVariantGroup section */
		D8E769D35A42B0BB00000000 /* Main.storyboard */ = {
			isa = PBXVariantGroup;
			children = (
				90A28E36C51E9C4E00000000 /* Base */,
			);
			name = Main.storyboard;
			sourceTree = "<group>";
		};
		D8E769D3C0891CB500000000 /* LaunchScreen.storyboard */ = {
			isa = PBXVariantGroup;
			children = (
				90A28E36942E830500000000 /* Base */,
			);
			name = LaunchScreen.storyboard;
			sourceTree = "<group>";
		};
/* End PBXVariantGroup section */

/* Begin XCBuildConfiguration section */
		93018C672743D0390062C6E9 /* Debug */ = {
			isa = XCBuildConfiguration;
			buildSettings = {
				COPY_PHASE_STRIP = NO;
				GCC_DYNAMIC_NO_PIC = NO;
				GCC_OPTIMIZATION_LEVEL = 0;
				PRODUCT_NAME = _bazel_clean_;
			};
			name = Debug;
		};
		93018C682743D0390062C6E9 /* Release */ = {
			isa = XCBuildConfiguration;
			buildSettings = {
				COPY_PHASE_STRIP = YES;
				DEBUG_INFORMATION_FORMAT = "dwarf-with-dsym";
				PRODUCT_NAME = _bazel_clean_;
			};
			name = Release;
		};
		93018C692743D0390062C6E9 /* __TulsiTestRunner_Debug */ = {
			isa = XCBuildConfiguration;
			buildSettings = {
				PRODUCT_NAME = _bazel_clean_;
			};
			name = __TulsiTestRunner_Debug;
		};
		93018C6A2743D0390062C6E9 /* __TulsiTestRunner_Release */ = {
			isa = XCBuildConfiguration;
			buildSettings = {
				PRODUCT_NAME = _bazel_clean_;
			};
			name = __TulsiTestRunner_Release;
		};
		F032682D0D74AB9800000000 /* __TulsiTestRunner_Debug */ = {
			isa = XCBuildConfiguration;
			buildSettings = {
				ALWAYS_SEARCH_USER_PATHS = NO;
				CLANG_CXX_LANGUAGE_STANDARD = "gnu++17";
				CLANG_ENABLE_OBJC_ARC = YES;
				CLANG_WARN_BOOL_CONVERSION = YES;
				CLANG_WARN_CONSTANT_CONVERSION = YES;
				CLANG_WARN_EMPTY_BODY = YES;
				CLANG_WARN_ENUM_CONVERSION = YES;
				CLANG_WARN_INT_CONVERSION = YES;
				CLANG_WARN_UNREACHABLE_CODE = YES;
				CLANG_WARN__DUPLICATE_METHOD_MATCH = YES;
				CODE_SIGNING_REQUIRED = NO;
				CODE_SIGN_IDENTITY = "";
				DONT_RUN_SWIFT_STDLIB_TOOL = YES;
				ENABLE_TESTABILITY = YES;
				FRAMEWORK_SEARCH_PATHS = "";
				GCC_PREPROCESSOR_DEFINITIONS = "DEBUG=1";
				GCC_WARN_64_TO_32_BIT_CONVERSION = YES;
				GCC_WARN_ABOUT_RETURN_TYPE = YES;
				GCC_WARN_UNDECLARED_SELECTOR = YES;
				GCC_WARN_UNINITIALIZED_AUTOS = YES;
				GCC_WARN_UNUSED_FUNCTION = YES;
				GCC_WARN_UNUSED_VARIABLE = YES;
				HEADER_SEARCH_PATHS = "";
				ONLY_ACTIVE_ARCH = YES;
				OTHER_CFLAGS = "--version";
				OTHER_LDFLAGS = "--version";
				OTHER_SWIFT_FLAGS = "--version";
				PYTHONIOENCODING = utf8;
				SDKROOT = iphoneos;
				SWIFT_INSTALL_OBJC_HEADER = NO;
				SWIFT_OBJC_INTERFACE_HEADER_NAME = "$(PRODUCT_NAME).h";
				TULSI_BWRS = "$(PROJECT_FILE_PATH)/.tulsi/tulsi-execution-root";
				TULSI_EXECUTION_ROOT = "$(PROJECT_FILE_PATH)/.tulsi/tulsi-execution-root";
				TULSI_LLDBINIT_FILE = "$(PROJECT_FILE_PATH)/.tulsi/Utils/lldbinit";
				TULSI_OUTPUT_BASE = "$(PROJECT_FILE_PATH)/.tulsi/tulsi-output-base";
				TULSI_PROJECT = Bazel;
				TULSI_VERSION = 0.20210318.88;
				TULSI_WR = "$(SRCROOT)";
			};
			name = __TulsiTestRunner_Debug;
		};
		F032682D0D74AB9800000001 /* __TulsiTestRunner_Debug */ = {
			isa = XCBuildConfiguration;
			buildSettings = {
				ASSETCATALOG_COMPILER_LAUNCHIMAGE_NAME = "Stub Launch Image";
				BAZEL_TARGET = "//:HelloWorldAppLibrary";
				DEBUG_INFORMATION_FORMAT = dwarf;
				FRAMEWORK_SEARCH_PATHS = "";
				GCC_PREPROCESSOR_DEFINITIONS = "DEBUG=1";
				HEADER_SEARCH_PATHS = "";
				INFOPLIST_FILE = "${PROJECT_FILE_PATH}/.tulsi/Resources/StubInfoPlist.plist";
				IPHONEOS_DEPLOYMENT_TARGET = 13.0;
				ONLY_ACTIVE_ARCH = YES;
				OTHER_CFLAGS = "--version";
				OTHER_LDFLAGS = "--version";
				OTHER_SWIFT_FLAGS = "--version";
				PRODUCT_NAME = "-HelloWorldAppLibrary";
				SDKROOT = iphoneos;
				SWIFT_INSTALL_OBJC_HEADER = NO;
				SWIFT_OBJC_INTERFACE_HEADER_NAME = "$(PRODUCT_NAME).h";
				TULSI_BUILD_PATH = "";
				TULSI_XCODE_VERSION = 13.1.0.13A1030d;
			};
			name = __TulsiTestRunner_Debug;
		};
		F032682D0D74AB9800000002 /* __TulsiTestRunner_Debug */ = {
			isa = XCBuildConfiguration;
			buildSettings = {
				ASSETCATALOG_COMPILER_LAUNCHIMAGE_NAME = "Stub Launch Image";
				BAZEL_TARGET = "//:HelloWorldApp";
				CODE_SIGN_IDENTITY = "Apple Development";
				CODE_SIGN_STYLE = Automatic;
				DEBUG_INFORMATION_FORMAT = dwarf;
				DEVELOPMENT_TEAM = 85RCG64B47;
				FRAMEWORK_SEARCH_PATHS = "";
				GCC_PREPROCESSOR_DEFINITIONS = "DEBUG=1";
				HEADER_SEARCH_PATHS = "";
				INFOPLIST_FILE = "${PROJECT_FILE_PATH}/.tulsi/Resources/StubInfoPlist.plist";
				IPHONEOS_DEPLOYMENT_TARGET = 13.0;
				ONLY_ACTIVE_ARCH = YES;
				OTHER_CFLAGS = "--version";
				OTHER_LDFLAGS = "--version";
				OTHER_SWIFT_FLAGS = "--version";
				PRODUCT_BUNDLE_IDENTIFIER = id.privy.HelloWorld;
				PRODUCT_NAME = HelloWorldApp;
				PROVISIONING_PROFILE_SPECIFIER = "";
				SDKROOT = iphoneos;
				SWIFT_INSTALL_OBJC_HEADER = NO;
				SWIFT_OBJC_INTERFACE_HEADER_NAME = "$(PRODUCT_NAME).h";
				TULSI_BUILD_PATH = "";
				TULSI_XCODE_VERSION = 13.1.0.13A1030d;
			};
			name = __TulsiTestRunner_Debug;
		};
		F032682D59E6F01400000000 /* Release */ = {
			isa = XCBuildConfiguration;
			buildSettings = {
				ALWAYS_SEARCH_USER_PATHS = NO;
				CLANG_CXX_LANGUAGE_STANDARD = "gnu++17";
				CLANG_ENABLE_OBJC_ARC = YES;
				CLANG_WARN_BOOL_CONVERSION = YES;
				CLANG_WARN_CONSTANT_CONVERSION = YES;
				CLANG_WARN_EMPTY_BODY = YES;
				CLANG_WARN_ENUM_CONVERSION = YES;
				CLANG_WARN_INT_CONVERSION = YES;
				CLANG_WARN_UNREACHABLE_CODE = YES;
				CLANG_WARN__DUPLICATE_METHOD_MATCH = YES;
				CODE_SIGNING_REQUIRED = NO;
				CODE_SIGN_IDENTITY = "";
				DONT_RUN_SWIFT_STDLIB_TOOL = YES;
				ENABLE_TESTABILITY = YES;
				FRAMEWORK_SEARCH_PATHS = "$(PLATFORM_DIR)/Developer/Library/Frameworks";
				GCC_PREPROCESSOR_DEFINITIONS = "NDEBUG=1";
				GCC_WARN_64_TO_32_BIT_CONVERSION = YES;
				GCC_WARN_ABOUT_RETURN_TYPE = YES;
				GCC_WARN_UNDECLARED_SELECTOR = YES;
				GCC_WARN_UNINITIALIZED_AUTOS = YES;
				GCC_WARN_UNUSED_FUNCTION = YES;
				GCC_WARN_UNUSED_VARIABLE = YES;
				HEADER_SEARCH_PATHS = (
					"$(TULSI_EXECUTION_ROOT)",
					"$(TULSI_WR)/bazel-bin",
					"$(TULSI_WR)/bazel-genfiles",
					"$(TULSI_EXECUTION_ROOT)/bazel-tulsi-includes/x/x",
				);
				ONLY_ACTIVE_ARCH = YES;
				PYTHONIOENCODING = utf8;
				SDKROOT = iphoneos;
				TULSI_BWRS = "$(PROJECT_FILE_PATH)/.tulsi/tulsi-execution-root";
				TULSI_EXECUTION_ROOT = "$(PROJECT_FILE_PATH)/.tulsi/tulsi-execution-root";
				TULSI_LLDBINIT_FILE = "$(PROJECT_FILE_PATH)/.tulsi/Utils/lldbinit";
				TULSI_OUTPUT_BASE = "$(PROJECT_FILE_PATH)/.tulsi/tulsi-output-base";
				TULSI_PROJECT = Bazel;
				TULSI_VERSION = 0.20210318.88;
				TULSI_WR = "$(SRCROOT)";
			};
			name = Release;
		};
		F032682D59E6F01400000001 /* Release */ = {
			isa = XCBuildConfiguration;
			buildSettings = {
				ASSETCATALOG_COMPILER_LAUNCHIMAGE_NAME = "Stub Launch Image";
				BAZEL_TARGET = "//:HelloWorldAppLibrary";
				DEBUG_INFORMATION_FORMAT = dwarf;
				GCC_PREPROCESSOR_DEFINITIONS = "NDEBUG=1";
				INFOPLIST_FILE = "${PROJECT_FILE_PATH}/.tulsi/Resources/StubInfoPlist.plist";
				IPHONEOS_DEPLOYMENT_TARGET = 13.0;
				PRODUCT_NAME = "-HelloWorldAppLibrary";
				SDKROOT = iphoneos;
				TULSI_BUILD_PATH = "";
				TULSI_XCODE_VERSION = 13.1.0.13A1030d;
			};
			name = Release;
		};
		F032682D59E6F01400000002 /* Release */ = {
			isa = XCBuildConfiguration;
			buildSettings = {
				ASSETCATALOG_COMPILER_LAUNCHIMAGE_NAME = "Stub Launch Image";
				BAZEL_TARGET = "//:HelloWorldApp";
				CODE_SIGN_IDENTITY = "Apple Development";
				CODE_SIGN_STYLE = Automatic;
				DEBUG_INFORMATION_FORMAT = dwarf;
				DEVELOPMENT_TEAM = 85RCG64B47;
				GCC_PREPROCESSOR_DEFINITIONS = "NDEBUG=1";
				INFOPLIST_FILE = "${PROJECT_FILE_PATH}/.tulsi/Resources/StubInfoPlist.plist";
				IPHONEOS_DEPLOYMENT_TARGET = 13.0;
				PRODUCT_BUNDLE_IDENTIFIER = id.privy.HelloWorld;
				PRODUCT_NAME = HelloWorldApp;
				PROVISIONING_PROFILE_SPECIFIER = "";
				SDKROOT = iphoneos;
				TULSI_BUILD_PATH = "";
				TULSI_XCODE_VERSION = 13.1.0.13A1030d;
			};
			name = Release;
		};
		F032682DA9992A7100000000 /* Debug */ = {
			isa = XCBuildConfiguration;
			buildSettings = {
				ALWAYS_SEARCH_USER_PATHS = NO;
				CLANG_CXX_LANGUAGE_STANDARD = "gnu++17";
				CLANG_ENABLE_OBJC_ARC = YES;
				CLANG_WARN_BOOL_CONVERSION = YES;
				CLANG_WARN_CONSTANT_CONVERSION = YES;
				CLANG_WARN_EMPTY_BODY = YES;
				CLANG_WARN_ENUM_CONVERSION = YES;
				CLANG_WARN_INT_CONVERSION = YES;
				CLANG_WARN_UNREACHABLE_CODE = YES;
				CLANG_WARN__DUPLICATE_METHOD_MATCH = YES;
				CODE_SIGNING_REQUIRED = NO;
				CODE_SIGN_IDENTITY = "";
				DONT_RUN_SWIFT_STDLIB_TOOL = YES;
				ENABLE_TESTABILITY = YES;
				FRAMEWORK_SEARCH_PATHS = "$(PLATFORM_DIR)/Developer/Library/Frameworks";
				GCC_PREPROCESSOR_DEFINITIONS = "DEBUG=1";
				GCC_WARN_64_TO_32_BIT_CONVERSION = YES;
				GCC_WARN_ABOUT_RETURN_TYPE = YES;
				GCC_WARN_UNDECLARED_SELECTOR = YES;
				GCC_WARN_UNINITIALIZED_AUTOS = YES;
				GCC_WARN_UNUSED_FUNCTION = YES;
				GCC_WARN_UNUSED_VARIABLE = YES;
				HEADER_SEARCH_PATHS = (
					"$(TULSI_EXECUTION_ROOT)",
					"$(TULSI_WR)/bazel-bin",
					"$(TULSI_WR)/bazel-genfiles",
					"$(TULSI_EXECUTION_ROOT)/bazel-tulsi-includes/x/x",
				);
				ONLY_ACTIVE_ARCH = YES;
				PYTHONIOENCODING = utf8;
				SDKROOT = iphoneos;
				TULSI_BWRS = "$(PROJECT_FILE_PATH)/.tulsi/tulsi-execution-root";
				TULSI_EXECUTION_ROOT = "$(PROJECT_FILE_PATH)/.tulsi/tulsi-execution-root";
				TULSI_LLDBINIT_FILE = "$(PROJECT_FILE_PATH)/.tulsi/Utils/lldbinit";
				TULSI_OUTPUT_BASE = "$(PROJECT_FILE_PATH)/.tulsi/tulsi-output-base";
				TULSI_PROJECT = Bazel;
				TULSI_VERSION = 0.20210318.88;
				TULSI_WR = "$(SRCROOT)";
			};
			name = Debug;
		};
		F032682DA9992A7100000001 /* Debug */ = {
			isa = XCBuildConfiguration;
			buildSettings = {
				ASSETCATALOG_COMPILER_LAUNCHIMAGE_NAME = "Stub Launch Image";
				BAZEL_TARGET = "//:HelloWorldAppLibrary";
				DEBUG_INFORMATION_FORMAT = dwarf;
				GCC_PREPROCESSOR_DEFINITIONS = "DEBUG=1";
				INFOPLIST_FILE = "${PROJECT_FILE_PATH}/.tulsi/Resources/StubInfoPlist.plist";
				IPHONEOS_DEPLOYMENT_TARGET = 13.0;
				PRODUCT_NAME = "-HelloWorldAppLibrary";
				SDKROOT = iphoneos;
				TULSI_BUILD_PATH = "";
				TULSI_XCODE_VERSION = 13.1.0.13A1030d;
			};
			name = Debug;
		};
		F032682DA9992A7100000002 /* Debug */ = {
			isa = XCBuildConfiguration;
			buildSettings = {
				ASSETCATALOG_COMPILER_LAUNCHIMAGE_NAME = "Stub Launch Image";
				BAZEL_TARGET = "//:HelloWorldApp";
				CODE_SIGN_IDENTITY = "Apple Development";
				CODE_SIGN_STYLE = Automatic;
				DEBUG_INFORMATION_FORMAT = dwarf;
				DEVELOPMENT_TEAM = 85RCG64B47;
				GCC_PREPROCESSOR_DEFINITIONS = "DEBUG=1";
				INFOPLIST_FILE = "${PROJECT_FILE_PATH}/.tulsi/Resources/StubInfoPlist.plist";
				IPHONEOS_DEPLOYMENT_TARGET = 13.0;
				PRODUCT_BUNDLE_IDENTIFIER = id.privy.HelloWorld;
				PRODUCT_NAME = HelloWorldApp;
				PROVISIONING_PROFILE_SPECIFIER = "";
				SDKROOT = iphoneos;
				TULSI_BUILD_PATH = "";
				TULSI_XCODE_VERSION = 13.1.0.13A1030d;
			};
			name = Debug;
		};
		F032682DC868916600000000 /* __TulsiTestRunner_Release */ = {
			isa = XCBuildConfiguration;
			buildSettings = {
				ALWAYS_SEARCH_USER_PATHS = NO;
				CLANG_CXX_LANGUAGE_STANDARD = "gnu++17";
				CLANG_ENABLE_OBJC_ARC = YES;
				CLANG_WARN_BOOL_CONVERSION = YES;
				CLANG_WARN_CONSTANT_CONVERSION = YES;
				CLANG_WARN_EMPTY_BODY = YES;
				CLANG_WARN_ENUM_CONVERSION = YES;
				CLANG_WARN_INT_CONVERSION = YES;
				CLANG_WARN_UNREACHABLE_CODE = YES;
				CLANG_WARN__DUPLICATE_METHOD_MATCH = YES;
				CODE_SIGNING_REQUIRED = NO;
				CODE_SIGN_IDENTITY = "";
				DONT_RUN_SWIFT_STDLIB_TOOL = YES;
				ENABLE_TESTABILITY = YES;
				FRAMEWORK_SEARCH_PATHS = "";
				GCC_PREPROCESSOR_DEFINITIONS = "NDEBUG=1";
				GCC_WARN_64_TO_32_BIT_CONVERSION = YES;
				GCC_WARN_ABOUT_RETURN_TYPE = YES;
				GCC_WARN_UNDECLARED_SELECTOR = YES;
				GCC_WARN_UNINITIALIZED_AUTOS = YES;
				GCC_WARN_UNUSED_FUNCTION = YES;
				GCC_WARN_UNUSED_VARIABLE = YES;
				HEADER_SEARCH_PATHS = "";
				ONLY_ACTIVE_ARCH = YES;
				OTHER_CFLAGS = "--version";
				OTHER_LDFLAGS = "--version";
				OTHER_SWIFT_FLAGS = "--version";
				PYTHONIOENCODING = utf8;
				SDKROOT = iphoneos;
				SWIFT_INSTALL_OBJC_HEADER = NO;
				SWIFT_OBJC_INTERFACE_HEADER_NAME = "$(PRODUCT_NAME).h";
				TULSI_BWRS = "$(PROJECT_FILE_PATH)/.tulsi/tulsi-execution-root";
				TULSI_EXECUTION_ROOT = "$(PROJECT_FILE_PATH)/.tulsi/tulsi-execution-root";
				TULSI_LLDBINIT_FILE = "$(PROJECT_FILE_PATH)/.tulsi/Utils/lldbinit";
				TULSI_OUTPUT_BASE = "$(PROJECT_FILE_PATH)/.tulsi/tulsi-output-base";
				TULSI_PROJECT = Bazel;
				TULSI_VERSION = 0.20210318.88;
				TULSI_WR = "$(SRCROOT)";
			};
			name = __TulsiTestRunner_Release;
		};
		F032682DC868916600000001 /* __TulsiTestRunner_Release */ = {
			isa = XCBuildConfiguration;
			buildSettings = {
				ASSETCATALOG_COMPILER_LAUNCHIMAGE_NAME = "Stub Launch Image";
				BAZEL_TARGET = "//:HelloWorldAppLibrary";
				DEBUG_INFORMATION_FORMAT = dwarf;
				FRAMEWORK_SEARCH_PATHS = "";
				GCC_PREPROCESSOR_DEFINITIONS = "NDEBUG=1";
				HEADER_SEARCH_PATHS = "";
				INFOPLIST_FILE = "${PROJECT_FILE_PATH}/.tulsi/Resources/StubInfoPlist.plist";
				IPHONEOS_DEPLOYMENT_TARGET = 13.0;
				ONLY_ACTIVE_ARCH = YES;
				OTHER_CFLAGS = "--version";
				OTHER_LDFLAGS = "--version";
				OTHER_SWIFT_FLAGS = "--version";
				PRODUCT_NAME = "-HelloWorldAppLibrary";
				SDKROOT = iphoneos;
				SWIFT_INSTALL_OBJC_HEADER = NO;
				SWIFT_OBJC_INTERFACE_HEADER_NAME = "$(PRODUCT_NAME).h";
				TULSI_BUILD_PATH = "";
				TULSI_XCODE_VERSION = 13.1.0.13A1030d;
			};
			name = __TulsiTestRunner_Release;
		};
		F032682DC868916600000002 /* __TulsiTestRunner_Release */ = {
			isa = XCBuildConfiguration;
			buildSettings = {
				ASSETCATALOG_COMPILER_LAUNCHIMAGE_NAME = "Stub Launch Image";
				BAZEL_TARGET = "//:HelloWorldApp";
				CODE_SIGN_IDENTITY = "Apple Development";
				CODE_SIGN_STYLE = Automatic;
				DEBUG_INFORMATION_FORMAT = dwarf;
				DEVELOPMENT_TEAM = 85RCG64B47;
				FRAMEWORK_SEARCH_PATHS = "";
				GCC_PREPROCESSOR_DEFINITIONS = "NDEBUG=1";
				HEADER_SEARCH_PATHS = "";
				INFOPLIST_FILE = "${PROJECT_FILE_PATH}/.tulsi/Resources/StubInfoPlist.plist";
				IPHONEOS_DEPLOYMENT_TARGET = 13.0;
				ONLY_ACTIVE_ARCH = YES;
				OTHER_CFLAGS = "--version";
				OTHER_LDFLAGS = "--version";
				OTHER_SWIFT_FLAGS = "--version";
				PRODUCT_BUNDLE_IDENTIFIER = id.privy.HelloWorld;
				PRODUCT_NAME = HelloWorldApp;
				PROVISIONING_PROFILE_SPECIFIER = "";
				SDKROOT = iphoneos;
				SWIFT_INSTALL_OBJC_HEADER = NO;
				SWIFT_OBJC_INTERFACE_HEADER_NAME = "$(PRODUCT_NAME).h";
				TULSI_BUILD_PATH = "";
				TULSI_XCODE_VERSION = 13.1.0.13A1030d;
			};
			name = __TulsiTestRunner_Release;
		};
/* End XCBuildConfiguration section */

/* Begin XCConfigurationList section */
		42418362235CBC0B00000000 /* Build configuration list for PBXProject "Bazel" */ = {
			isa = XCConfigurationList;
			buildConfigurations = (
				F032682DA9992A7100000000 /* Debug */,
				F032682D59E6F01400000000 /* Release */,
				F032682D0D74AB9800000000 /* __TulsiTestRunner_Debug */,
				F032682DC868916600000000 /* __TulsiTestRunner_Release */,
			);
			defaultConfigurationIsVisible = 0;
			defaultConfigurationName = Release;
		};
		424183628AF7720A00000000 /* Build configuration list for PBXNativeTarget "-HelloWorldAppLibrary" */ = {
			isa = XCConfigurationList;
			buildConfigurations = (
				F032682DA9992A7100000001 /* Debug */,
				F032682D59E6F01400000001 /* Release */,
				F032682D0D74AB9800000001 /* __TulsiTestRunner_Debug */,
				F032682DC868916600000001 /* __TulsiTestRunner_Release */,
			);
			defaultConfigurationIsVisible = 0;
			defaultConfigurationName = Release;
		};
		42418362BE14B45D00000000 /* Build configuration list for PBXNativeTarget "HelloWorldApp" */ = {
			isa = XCConfigurationList;
			buildConfigurations = (
				F032682DA9992A7100000002 /* Debug */,
				F032682D59E6F01400000002 /* Release */,
				F032682D0D74AB9800000002 /* __TulsiTestRunner_Debug */,
				F032682DC868916600000002 /* __TulsiTestRunner_Release */,
			);
			defaultConfigurationIsVisible = 0;
			defaultConfigurationName = Release;
		};
		42418362D8A9462B00000000 /* Build configuration list for PBXLegacyTarget "_bazel_clean_" */ = {
			isa = XCConfigurationList;
			buildConfigurations = (
				93018C672743D0390062C6E9 /* Debug */,
				93018C682743D0390062C6E9 /* Release */,
				93018C692743D0390062C6E9 /* __TulsiTestRunner_Debug */,
				93018C6A2743D0390062C6E9 /* __TulsiTestRunner_Release */,
			);
			defaultConfigurationIsVisible = 0;
			defaultConfigurationName = Release;
		};
/* End XCConfigurationList section */
	};
	rootObject = 8522AA2B63886EDE00000000 /* Project object */;
}
